
Microsoft Visual Studio Solution File, Format Version 12.00
# Visual Studio Version 16
VisualStudioVersion = 16.0.31313.79
MinimumVisualStudioVersion = 10.0.40219.1
Project("{FAE04EC0-301F-11D3-BF4B-00C04F79EFBC}") = "Decimal Combinations", "Decimal Combinations.csproj", "{889567AF-83A2-4B59-9D41-2E284000A450}"
EndProject
Global
	GlobalSection(SolutionConfigurationPlatforms) = preSolution
		Debug|Any CPU = Debug|Any CPU
		Release|Any CPU = Release|Any CPU
	EndGlobalSection
	GlobalSection(ProjectConfigurationPlatforms) = postSolution
		{889567AF-83A2-4B59-9D41-2E284000A450}.Debug|Any CPU.ActiveCfg = Debug|Any CPU
		{889567AF-83A2-4B59-9D41-2E284000A450}.Debug|Any CPU.Build.0 = Debug|Any CPU
		{889567AF-83A2-4B59-9D41-2E284000A450}.Release|Any CPU.ActiveCfg = Release|Any CPU
		{889567AF-83A2-4B59-9D41-2E284000A450}.Release|Any CPU.Build.0 = Release|Any CPU
	EndGlobalSection
	GlobalSection(SolutionProperties) = preSolution
		HideSolutionNode = FALSE
	EndGlobalSection
	GlobalSection(ExtensibilityGlobals) = postSolution
		SolutionGuid = {86893106-7948-491F-A44F-1AB29E4720CF}
	EndGlobalSection
EndGlobal
