
Microsoft Visual Studio Solution File, Format Version 12.00
# Visual Studio Version 16
VisualStudioVersion = 16.0.31321.278
MinimumVisualStudioVersion = 10.0.40219.1
Project("{FAE04EC0-301F-11D3-BF4B-00C04F79EFBC}") = "Faculteiten", "Faculteiten.csproj", "{F800857E-2240-4413-B9D8-A3956D4C9456}"
EndProject
Global
	GlobalSection(SolutionConfigurationPlatforms) = preSolution
		Debug|Any CPU = Debug|Any CPU
		Release|Any CPU = Release|Any CPU
	EndGlobalSection
	GlobalSection(ProjectConfigurationPlatforms) = postSolution
		{F800857E-2240-4413-B9D8-A3956D4C9456}.Debug|Any CPU.ActiveCfg = Debug|Any CPU
		{F800857E-2240-4413-B9D8-A3956D4C9456}.Debug|Any CPU.Build.0 = Debug|Any CPU
		{F800857E-2240-4413-B9D8-A3956D4C9456}.Release|Any CPU.ActiveCfg = Release|Any CPU
		{F800857E-2240-4413-B9D8-A3956D4C9456}.Release|Any CPU.Build.0 = Release|Any CPU
	EndGlobalSection
	GlobalSection(SolutionProperties) = preSolution
		HideSolutionNode = FALSE
	EndGlobalSection
	GlobalSection(ExtensibilityGlobals) = postSolution
		SolutionGuid = {69F729B7-3660-4C2A-8667-C3E78B22F7A0}
	EndGlobalSection
EndGlobal
